
Microsoft Visual Studio Solution File, Format Version 12.00
# Visual Studio 15
Project("{FAE04EC0-301F-11D3-BF4B-00C04F79EFBC}") = "Assembly-CSharp", "Assembly-CSharp.csproj", "{AAE93F17-10CF-F9FB-D14F-AD789176656E}"
EndProject
Project("{FAE04EC0-301F-11D3-BF4B-00C04F79EFBC}") = "Assembly-CSharp-Editor", "Assembly-CSharp-Editor.csproj", "{B3DCB0C4-7E81-20F9-7598-6C88BD34B8C9}"
EndProject
Global
	GlobalSection(SolutionConfigurationPlatforms) = preSolution
		Debug|Any CPU = Debug|Any CPU
		Release|Any CPU = Release|Any CPU
	EndGlobalSection
	GlobalSection(ProjectConfigurationPlatforms) = postSolution
		{AAE93F17-10CF-F9FB-D14F-AD789176656E}.Debug|Any CPU.ActiveCfg = Debug|Any CPU
		{AAE93F17-10CF-F9FB-D14F-AD789176656E}.Debug|Any CPU.Build.0 = Debug|Any CPU
		{AAE93F17-10CF-F9FB-D14F-AD789176656E}.Release|Any CPU.ActiveCfg = Release|Any CPU
		{AAE93F17-10CF-F9FB-D14F-AD789176656E}.Release|Any CPU.Build.0 = Release|Any CPU
		{B3DCB0C4-7E81-20F9-7598-6C88BD34B8C9}.Debug|Any CPU.ActiveCfg = Debug|Any CPU
		{B3DCB0C4-7E81-20F9-7598-6C88BD34B8C9}.Debug|Any CPU.Build.0 = Debug|Any CPU
		{B3DCB0C4-7E81-20F9-7598-6C88BD34B8C9}.Release|Any CPU.ActiveCfg = Release|Any CPU
		{B3DCB0C4-7E81-20F9-7598-6C88BD34B8C9}.Release|Any CPU.Build.0 = Release|Any CPU
	EndGlobalSection
	GlobalSection(SolutionProperties) = preSolution
		HideSolutionNode = FALSE
	EndGlobalSection
EndGlobal
